// !$*UTF8*$!
{
	archiveVersion = 1;
	classes = {
	};
	objectVersion = 50;
	objects = {

/* Begin PBXBuildFile section */
		45989D5C2165108000FA431C /* AppDelegate.swift in Sources */ = {isa = PBXBuildFile; fileRef = 45989D5B2165108000FA431C /* AppDelegate.swift */; };
		45989D5E2165108000FA431C /* ViewController.swift in Sources */ = {isa = PBXBuildFile; fileRef = 45989D5D2165108000FA431C /* ViewController.swift */; };
		45989D612165108000FA431C /* Main.storyboard in Resources */ = {isa = PBXBuildFile; fileRef = 45989D5F2165108000FA431C /* Main.storyboard */; };
		45989D632165108100FA431C /* Assets.xcassets in Resources */ = {isa = PBXBuildFile; fileRef = 45989D622165108100FA431C /* Assets.xcassets */; };
		45989D662165108100FA431C /* LaunchScreen.storyboard in Resources */ = {isa = PBXBuildFile; fileRef = 45989D642165108100FA431C /* LaunchScreen.storyboard */; };
		45989D712165108100FA431C /* TumbNYTests.swift in Sources */ = {isa = PBXBuildFile; fileRef = 45989D702165108100FA431C /* TumbNYTests.swift */; };
		45989D7C2165108100FA431C /* TumbNYUITests.swift in Sources */ = {isa = PBXBuildFile; fileRef = 45989D7B2165108100FA431C /* TumbNYUITests.swift */; };
/* End PBXBuildFile section */

/* Begin PBXContainerItemProxy section */
		45989D6D2165108100FA431C /* PBXContainerItemProxy */ = {
			isa = PBXContainerItemProxy;
			containerPortal = 45989D502165108000FA431C /* Project object */;
			proxyType = 1;
			remoteGlobalIDString = 45989D572165108000FA431C;
			remoteInfo = TumbNY;
		};
		45989D782165108100FA431C /* PBXContainerItemProxy */ = {
			isa = PBXContainerItemProxy;
			containerPortal = 45989D502165108000FA431C /* Project object */;
			proxyType = 1;
			remoteGlobalIDString = 45989D572165108000FA431C;
			remoteInfo = TumbNY;
		};
/* End PBXContainerItemProxy section */

/* Begin PBXFileReference section */
		45989D582165108000FA431C /* TumbNY.app */ = {isa = PBXFileReference; explicitFileType = wrapper.application; includeInIndex = 0; path = TumbNY.app; sourceTree = BUILT_PRODUCTS_DIR; };
		45989D5B2165108000FA431C /* AppDelegate.swift */ = {isa = PBXFileReference; lastKnownFileType = sourcecode.swift; path = AppDelegate.swift; sourceTree = "<group>"; };
		45989D5D2165108000FA431C /* ViewController.swift */ = {isa = PBXFileReference; lastKnownFileType = sourcecode.swift; path = ViewController.swift; sourceTree = "<group>"; };
		45989D602165108000FA431C /* Base */ = {isa = PBXFileReference; lastKnownFileType = file.storyboard; name = Base; path = Base.lproj/Main.storyboard; sourceTree = "<group>"; };
		45989D622165108100FA431C /* Assets.xcassets */ = {isa = PBXFileReference; lastKnownFileType = folder.assetcatalog; path = Assets.xcassets; sourceTree = "<group>"; };
		45989D652165108100FA431C /* Base */ = {isa = PBXFileReference; lastKnownFileType = file.storyboard; name = Base; path = Base.lproj/LaunchScreen.storyboard; sourceTree = "<group>"; };
		45989D672165108100FA431C /* Info.plist */ = {isa = PBXFileReference; lastKnownFileType = text.plist.xml; path = Info.plist; sourceTree = "<group>"; };
		45989D6C2165108100FA431C /* TumbNYTests.xctest */ = {isa = PBXFileReference; explicitFileType = wrapper.cfbundle; includeInIndex = 0; path = TumbNYTests.xctest; sourceTree = BUILT_PRODUCTS_DIR; };
		45989D702165108100FA431C /* TumbNYTests.swift */ = {isa = PBXFileReference; lastKnownFileType = sourcecode.swift; path = TumbNYTests.swift; sourceTree = "<group>"; };
		45989D722165108100FA431C /* Info.plist */ = {isa = PBXFileReference; lastKnownFileType = text.plist.xml; path = Info.plist; sourceTree = "<group>"; };
		45989D772165108100FA431C /* TumbNYUITests.xctest */ = {isa = PBXFileReference; explicitFileType = wrapper.cfbundle; includeInIndex = 0; path = TumbNYUITests.xctest; sourceTree = BUILT_PRODUCTS_DIR; };
		45989D7B2165108100FA431C /* TumbNYUITests.swift */ = {isa = PBXFileReference; lastKnownFileType = sourcecode.swift; path = TumbNYUITests.swift; sourceTree = "<group>"; };
		45989D7D2165108100FA431C /* Info.plist */ = {isa = PBXFileReference; lastKnownFileType = text.plist.xml; path = Info.plist; sourceTree = "<group>"; };
/* End PBXFileReference section */

/* Begin PBXFrameworksBuildPhase section */
		45989D552165108000FA431C /* Frameworks */ = {
			isa = PBXFrameworksBuildPhase;
			buildActionMask = 2147483647;
			files = (
			);
			runOnlyForDeploymentPostprocessing = 0;
		};
		45989D692165108100FA431C /* Frameworks */ = {
			isa = PBXFrameworksBuildPhase;
			buildActionMask = 2147483647;
			files = (
			);
			runOnlyForDeploymentPostprocessing = 0;
		};
		45989D742165108100FA431C /* Frameworks */ = {
			isa = PBXFrameworksBuildPhase;
			buildActionMask = 2147483647;
			files = (
			);
			runOnlyForDeploymentPostprocessing = 0;
		};
/* End PBXFrameworksBuildPhase section */

/* Begin PBXGroup section */
		45989D4F2165108000FA431C = {
			isa = PBXGroup;
			children = (
				45989D5A2165108000FA431C /* TumbNY */,
				45989D6F2165108100FA431C /* TumbNYTests */,
				45989D7A2165108100FA431C /* TumbNYUITests */,
				45989D592165108000FA431C /* Products */,
			);
			sourceTree = "<group>";
		};
		45989D592165108000FA431C /* Products */ = {
			isa = PBXGroup;
			children = (
				45989D582165108000FA431C /* TumbNY.app */,
				45989D6C2165108100FA431C /* TumbNYTests.xctest */,
				45989D772165108100FA431C /* TumbNYUITests.xctest */,
			);
			name = Products;
			sourceTree = "<group>";
		};
		45989D5A2165108000FA431C /* TumbNY */ = {
			isa = PBXGroup;
			children = (
				45989D5B2165108000FA431C /* AppDelegate.swift */,
				45989D5D2165108000FA431C /* ViewController.swift */,
				45989D5F2165108000FA431C /* Main.storyboard */,
				45989D622165108100FA431C /* Assets.xcassets */,
				45989D642165108100FA431C /* LaunchScreen.storyboard */,
				45989D672165108100FA431C /* Info.plist */,
			);
			path = TumbNY;
			sourceTree = "<group>";
		};
		45989D6F2165108100FA431C /* TumbNYTests */ = {
			isa = PBXGroup;
			children = (
				45989D702165108100FA431C /* TumbNYTests.swift */,
				45989D722165108100FA431C /* Info.plist */,
			);
			path = TumbNYTests;
			sourceTree = "<group>";
		};
		45989D7A2165108100FA431C /* TumbNYUITests */ = {
			isa = PBXGroup;
			children = (
				45989D7B2165108100FA431C /* TumbNYUITests.swift */,
				45989D7D2165108100FA431C /* Info.plist */,
			);
			path = TumbNYUITests;
			sourceTree = "<group>";
		};
/* End PBXGroup section */

/* Begin PBXNativeTarget section */
		45989D572165108000FA431C /* TumbNY */ = {
			isa = PBXNativeTarget;
			buildConfigurationList = 45989D802165108100FA431C /* Build configuration list for PBXNativeTarget "TumbNY" */;
			buildPhases = (
				45989D542165108000FA431C /* Sources */,
				45989D552165108000FA431C /* Frameworks */,
				45989D562165108000FA431C /* Resources */,
			);
			buildRules = (
			);
			dependencies = (
			);
			name = TumbNY;
			productName = TumbNY;
			productReference = 45989D582165108000FA431C /* TumbNY.app */;
			productType = "com.apple.product-type.application";
		};
		45989D6B2165108100FA431C /* TumbNYTests */ = {
			isa = PBXNativeTarget;
			buildConfigurationList = 45989D832165108100FA431C /* Build configuration list for PBXNativeTarget "TumbNYTests" */;
			buildPhases = (
				45989D682165108100FA431C /* Sources */,
				45989D692165108100FA431C /* Frameworks */,
				45989D6A2165108100FA431C /* Resources */,
			);
			buildRules = (
			);
			dependencies = (
				45989D6E2165108100FA431C /* PBXTargetDependency */,
			);
			name = TumbNYTests;
			productName = TumbNYTests;
			productReference = 45989D6C2165108100FA431C /* TumbNYTests.xctest */;
			productType = "com.apple.product-type.bundle.unit-test";
		};
		45989D762165108100FA431C /* TumbNYUITests */ = {
			isa = PBXNativeTarget;
			buildConfigurationList = 45989D862165108100FA431C /* Build configuration list for PBXNativeTarget "TumbNYUITests" */;
			buildPhases = (
				45989D732165108100FA431C /* Sources */,
				45989D742165108100FA431C /* Frameworks */,
				45989D752165108100FA431C /* Resources */,
			);
			buildRules = (
			);
			dependencies = (
				45989D792165108100FA431C /* PBXTargetDependency */,
			);
			name = TumbNYUITests;
			productName = TumbNYUITests;
			productReference = 45989D772165108100FA431C /* TumbNYUITests.xctest */;
			productType = "com.apple.product-type.bundle.ui-testing";
		};
/* End PBXNativeTarget section */

/* Begin PBXProject section */
		45989D502165108000FA431C /* Project object */ = {
			isa = PBXProject;
			attributes = {
				LastSwiftUpdateCheck = 0940;
				LastUpgradeCheck = 0940;
				ORGANIZATIONNAME = "Bhavesh Shah";
				TargetAttributes = {
					45989D572165108000FA431C = {
						CreatedOnToolsVersion = 9.4.1;
					};
					45989D6B2165108100FA431C = {
						CreatedOnToolsVersion = 9.4.1;
						TestTargetID = 45989D572165108000FA431C;
					};
					45989D762165108100FA431C = {
						CreatedOnToolsVersion = 9.4.1;
						TestTargetID = 45989D572165108000FA431C;
					};
				};
			};
			buildConfigurationList = 45989D532165108000FA431C /* Build configuration list for PBXProject "TumbNY" */;
			compatibilityVersion = "Xcode 9.3";
			developmentRegion = en;
			hasScannedForEncodings = 0;
			knownRegions = (
				en,
				Base,
			);
			mainGroup = 45989D4F2165108000FA431C;
			productRefGroup = 45989D592165108000FA431C /* Products */;
			projectDirPath = "";
			projectRoot = "";
			targets = (
				45989D572165108000FA431C /* TumbNY */,
				45989D6B2165108100FA431C /* TumbNYTests */,
				45989D762165108100FA431C /* TumbNYUITests */,
			);
		};
/* End PBXProject section */

/* Begin PBXResourcesBuildPhase section */
		45989D562165108000FA431C /* Resources */ = {
			isa = PBXResourcesBuildPhase;
			buildActionMask = 2147483647;
			files = (
				45989D662165108100FA431C /* LaunchScreen.storyboard in Resources */,
				45989D632165108100FA431C /* Assets.xcassets in Resources */,
				45989D612165108000FA431C /* Main.storyboard in Resources */,
			);
			runOnlyForDeploymentPostprocessing = 0;
		};
		45989D6A2165108100FA431C /* Resources */ = {
			isa = PBXResourcesBuildPhase;
			buildActionMask = 2147483647;
			files = (
			);
			runOnlyForDeploymentPostprocessing = 0;
		};
		45989D752165108100FA431C /* Resources */ = {
			isa = PBXResourcesBuildPhase;
			buildActionMask = 2147483647;
			files = (
			);
			runOnlyForDeploymentPostprocessing = 0;
		};
/* End PBXResourcesBuildPhase section */

/* Begin PBXSourcesBuildPhase section */
		45989D542165108000FA431C /* Sources */ = {
			isa = PBXSourcesBuildPhase;
			buildActionMask = 2147483647;
			files = (
				45989D5E2165108000FA431C /* ViewController.swift in Sources */,
				45989D5C2165108000FA431C /* AppDelegate.swift in Sources */,
			);
			runOnlyForDeploymentPostprocessing = 0;
		};
		45989D682165108100FA431C /* Sources */ = {
			isa = PBXSourcesBuildPhase;
			buildActionMask = 2147483647;
			files = (
				45989D712165108100FA431C /* TumbNYTests.swift in Sources */,
			);
			runOnlyForDeploymentPostprocessing = 0;
		};
		45989D732165108100FA431C /* Sources */ = {
			isa = PBXSourcesBuildPhase;
			buildActionMask = 2147483647;
			files = (
				45989D7C2165108100FA431C /* TumbNYUITests.swift in Sources */,
			);
			runOnlyForDeploymentPostprocessing = 0;
		};
/* End PBXSourcesBuildPhase section */

/* Begin PBXTargetDependency section */
		45989D6E2165108100FA431C /* PBXTargetDependency */ = {
			isa = PBXTargetDependency;
			target = 45989D572165108000FA431C /* TumbNY */;
			targetProxy = 45989D6D2165108100FA431C /* PBXContainerItemProxy */;
		};
		45989D792165108100FA431C /* PBXTargetDependency */ = {
			isa = PBXTargetDependency;
			target = 45989D572165108000FA431C /* TumbNY */;
			targetProxy = 45989D782165108100FA431C /* PBXContainerItemProxy */;
		};
/* End PBXTargetDependency section */

/* Begin PBXVariantGroup section */
		45989D5F2165108000FA431C /* Main.storyboard */ = {
			isa = PBXVariantGroup;
			children = (
				45989D602165108000FA431C /* Base */,
			);
			name = Main.storyboard;
			sourceTree = "<group>";
		};
		45989D642165108100FA431C /* LaunchScreen.storyboard */ = {
			isa = PBXVariantGroup;
			children = (
				45989D652165108100FA431C /* Base */,
			);
			name = LaunchScreen.storyboard;
			sourceTree = "<group>";
		};
/* End PBXVariantGroup section */

/* Begin XCBuildConfiguration section */
		45989D7E2165108100FA431C /* Debug */ = {
			isa = XCBuildConfiguration;
			buildSettings = {
				ALWAYS_SEARCH_USER_PATHS = NO;
				CLANG_ANALYZER_NONNULL = YES;
				CLANG_ANALYZER_NUMBER_OBJECT_CONVERSION = YES_AGGRESSIVE;
				CLANG_CXX_LANGUAGE_STANDARD = "gnu++14";
				CLANG_CXX_LIBRARY = "libc++";
				CLANG_ENABLE_MODULES = YES;
				CLANG_ENABLE_OBJC_ARC = YES;
				CLANG_ENABLE_OBJC_WEAK = YES;
				CLANG_WARN_BLOCK_CAPTURE_AUTORELEASING = YES;
				CLANG_WARN_BOOL_CONVERSION = YES;
				CLANG_WARN_COMMA = YES;
				CLANG_WARN_CONSTANT_CONVERSION = YES;
				CLANG_WARN_DEPRECATED_OBJC_IMPLEMENTATIONS = YES;
				CLANG_WARN_DIRECT_OBJC_ISA_USAGE = YES_ERROR;
				CLANG_WARN_DOCUMENTATION_COMMENTS = YES;
				CLANG_WARN_EMPTY_BODY = YES;
				CLANG_WARN_ENUM_CONVERSION = YES;
				CLANG_WARN_INFINITE_RECURSION = YES;
				CLANG_WARN_INT_CONVERSION = YES;
				CLANG_WARN_NON_LITERAL_NULL_CONVERSION = YES;
				CLANG_WARN_OBJC_IMPLICIT_RETAIN_SELF = YES;
				CLANG_WARN_OBJC_LITERAL_CONVERSION = YES;
				CLANG_WARN_OBJC_ROOT_CLASS = YES_ERROR;
				CLANG_WARN_RANGE_LOOP_ANALYSIS = YES;
				CLANG_WARN_STRICT_PROTOTYPES = YES;
				CLANG_WARN_SUSPICIOUS_MOVE = YES;
				CLANG_WARN_UNGUARDED_AVAILABILITY = YES_AGGRESSIVE;
				CLANG_WARN_UNREACHABLE_CODE = YES;
				CLANG_WARN__DUPLICATE_METHOD_MATCH = YES;
				CODE_SIGN_IDENTITY = "iPhone Developer";
				COPY_PHASE_STRIP = NO;
				DEBUG_INFORMATION_FORMAT = dwarf;
				ENABLE_STRICT_OBJC_MSGSEND = YES;
				ENABLE_TESTABILITY = YES;
				GCC_C_LANGUAGE_STANDARD = gnu11;
				GCC_DYNAMIC_NO_PIC = NO;
				GCC_NO_COMMON_BLOCKS = YES;
				GCC_OPTIMIZATION_LEVEL = 0;
				GCC_PREPROCESSOR_DEFINITIONS = (
					"DEBUG=1",
					"$(inherited)",
				);
				GCC_WARN_64_TO_32_BIT_CONVERSION = YES;
				GCC_WARN_ABOUT_RETURN_TYPE = YES_ERROR;
				GCC_WARN_UNDECLARED_SELECTOR = YES;
				GCC_WARN_UNINITIALIZED_AUTOS = YES_AGGRESSIVE;
				GCC_WARN_UNUSED_FUNCTION = YES;
				GCC_WARN_UNUSED_VARIABLE = YES;
				IPHONEOS_DEPLOYMENT_TARGET = 11.4;
				MTL_ENABLE_DEBUG_INFO = YES;
				ONLY_ACTIVE_ARCH = YES;
				SDKROOT = iphoneos;
				SWIFT_ACTIVE_COMPILATION_CONDITIONS = DEBUG;
				SWIFT_OPTIMIZATION_LEVEL = "-Onone";
			};
			name = Debug;
		};
		45989D7F2165108100FA431C /* Release */ = {
			isa = XCBuildConfiguration;
			buildSettings = {
				ALWAYS_SEARCH_USER_PATHS = NO;
				CLANG_ANALYZER_NONNULL = YES;
				CLANG_ANALYZER_NUMBER_OBJECT_CONVERSION = YES_AGGRESSIVE;
				CLANG_CXX_LANGUAGE_STANDARD = "gnu++14";
				CLANG_CXX_LIBRARY = "libc++";
				CLANG_ENABLE_MODULES = YES;
				CLANG_ENABLE_OBJC_ARC = YES;
				CLANG_ENABLE_OBJC_WEAK = YES;
				CLANG_WARN_BLOCK_CAPTURE_AUTORELEASING = YES;
				CLANG_WARN_BOOL_CONVERSION = YES;
				CLANG_WARN_COMMA = YES;
				CLANG_WARN_CONSTANT_CONVERSION = YES;
				CLANG_WARN_DEPRECATED_OBJC_IMPLEMENTATIONS = YES;
				CLANG_WARN_DIRECT_OBJC_ISA_USAGE = YES_ERROR;
				CLANG_WARN_DOCUMENTATION_COMMENTS = YES;
				CLANG_WARN_EMPTY_BODY = YES;
				CLANG_WARN_ENUM_CONVERSION = YES;
				CLANG_WARN_INFINITE_RECURSION = YES;
				CLANG_WARN_INT_CONVERSION = YES;
				CLANG_WARN_NON_LITERAL_NULL_CONVERSION = YES;
				CLANG_WARN_OBJC_IMPLICIT_RETAIN_SELF = YES;
				CLANG_WARN_OBJC_LITERAL_CONVERSION = YES;
				CLANG_WARN_OBJC_ROOT_CLASS = YES_ERROR;
				CLANG_WARN_RANGE_LOOP_ANALYSIS = YES;
				CLANG_WARN_STRICT_PROTOTYPES = YES;
				CLANG_WARN_SUSPICIOUS_MOVE = YES;
				CLANG_WARN_UNGUARDED_AVAILABILITY = YES_AGGRESSIVE;
				CLANG_WARN_UNREACHABLE_CODE = YES;
				CLANG_WARN__DUPLICATE_METHOD_MATCH = YES;
				CODE_SIGN_IDENTITY = "iPhone Developer";
				COPY_PHASE_STRIP = NO;
				DEBUG_INFORMATION_FORMAT = "dwarf-with-dsym";
				ENABLE_NS_ASSERTIONS = NO;
				ENABLE_STRICT_OBJC_MSGSEND = YES;
				GCC_C_LANGUAGE_STANDARD = gnu11;
				GCC_NO_COMMON_BLOCKS = YES;
				GCC_WARN_64_TO_32_BIT_CONVERSION = YES;
				GCC_WARN_ABOUT_RETURN_TYPE = YES_ERROR;
				GCC_WARN_UNDECLARED_SELECTOR = YES;
				GCC_WARN_UNINITIALIZED_AUTOS = YES_AGGRESSIVE;
				GCC_WARN_UNUSED_FUNCTION = YES;
				GCC_WARN_UNUSED_VARIABLE = YES;
				IPHONEOS_DEPLOYMENT_TARGET = 11.4;
				MTL_ENABLE_DEBUG_INFO = NO;
				SDKROOT = iphoneos;
				SWIFT_COMPILATION_MODE = wholemodule;
				SWIFT_OPTIMIZATION_LEVEL = "-O";
				VALIDATE_PRODUCT = YES;
			};
			name = Release;
		};
		45989D812165108100FA431C /* Debug */ = {
			isa = XCBuildConfiguration;
			buildSettings = {
				ASSETCATALOG_COMPILER_APPICON_NAME = AppIcon;
				CODE_SIGN_STYLE = Automatic;
				INFOPLIST_FILE = TumbNY/Info.plist;
				LD_RUNPATH_SEARCH_PATHS = (
					"$(inherited)",
					"@executable_path/Frameworks",
				);
				PRODUCT_BUNDLE_IDENTIFIER = "Bhavesh-Shah.TumbNY";
				PRODUCT_NAME = "$(TARGET_NAME)";
				SWIFT_VERSION = 4.0;
				TARGETED_DEVICE_FAMILY = "1,2";
			};
			name = Debug;
		};
		45989D822165108100FA431C /* Release */ = {
			isa = XCBuildConfiguration;
			buildSettings = {
				ASSETCATALOG_COMPILER_APPICON_NAME = AppIcon;
				CODE_SIGN_STYLE = Automatic;
				INFOPLIST_FILE = TumbNY/Info.plist;
				LD_RUNPATH_SEARCH_PATHS = (
					"$(inherited)",
					"@executable_path/Frameworks",
				);
				PRODUCT_BUNDLE_IDENTIFIER = "Bhavesh-Shah.TumbNY";
				PRODUCT_NAME = "$(TARGET_NAME)";
				SWIFT_VERSION = 4.0;
				TARGETED_DEVICE_FAMILY = "1,2";
			};
			name = Release;
		};
		45989D842165108100FA431C /* Debug */ = {
			isa = XCBuildConfiguration;
			buildSettings = {
				ALWAYS_EMBED_SWIFT_STANDARD_LIBRARIES = YES;
				BUNDLE_LOADER = "$(TEST_HOST)";
				CODE_SIGN_STYLE = Automatic;
				INFOPLIST_FILE = TumbNYTests/Info.plist;
				LD_RUNPATH_SEARCH_PATHS = (
					"$(inherited)",
					"@executable_path/Frameworks",
					"@loader_path/Frameworks",
				);
				PRODUCT_BUNDLE_IDENTIFIER = "Bhavesh-Shah.TumbNYTests";
				PRODUCT_NAME = "$(TARGET_NAME)";
				SWIFT_VERSION = 4.0;
				TARGETED_DEVICE_FAMILY = "1,2";
				TEST_HOST = "$(BUILT_PRODUCTS_DIR)/TumbNY.app/TumbNY";
			};
			name = Debug;
		};
		45989D852165108100FA431C /* Release */ = {
			isa = XCBuildConfiguration;
			buildSettings = {
				ALWAYS_EMBED_SWIFT_STANDARD_LIBRARIES = YES;
				BUNDLE_LOADER = "$(TEST_HOST)";
				CODE_SIGN_STYLE = Automatic;
				INFOPLIST_FILE = TumbNYTests/Info.plist;
				LD_RUNPATH_SEARCH_PATHS = (
					"$(inherited)",
					"@executable_path/Frameworks",
					"@loader_path/Frameworks",
				);
				PRODUCT_BUNDLE_IDENTIFIER = "Bhavesh-Shah.TumbNYTests";
				PRODUCT_NAME = "$(TARGET_NAME)";
				SWIFT_VERSION = 4.0;
				TARGETED_DEVICE_FAMILY = "1,2";
				TEST_HOST = "$(BUILT_PRODUCTS_DIR)/TumbNY.app/TumbNY";
			};
			name = Release;
		};
		45989D872165108100FA431C /* Debug */ = {
			isa = XCBuildConfiguration;
			buildSettings = {
				ALWAYS_EMBED_SWIFT_STANDARD_LIBRARIES = YES;
				CODE_SIGN_STYLE = Automatic;
				INFOPLIST_FILE = TumbNYUITests/Info.plist;
				LD_RUNPATH_SEARCH_PATHS = (
					"$(inherited)",
					"@executable_path/Frameworks",
					"@loader_path/Frameworks",
				);
				PRODUCT_BUNDLE_IDENTIFIER = "Bhavesh-Shah.TumbNYUITests";
				PRODUCT_NAME = "$(TARGET_NAME)";
				SWIFT_VERSION = 4.0;
				TARGETED_DEVICE_FAMILY = "1,2";
				TEST_TARGET_NAME = TumbNY;
			};
			name = Debug;
		};
		45989D882165108100FA431C /* Release */ = {
			isa = XCBuildConfiguration;
			buildSettings = {
				ALWAYS_EMBED_SWIFT_STANDARD_LIBRARIES = YES;
				CODE_SIGN_STYLE = Automatic;
				INFOPLIST_FILE = TumbNYUITests/Info.plist;
				LD_RUNPATH_SEARCH_PATHS = (
					"$(inherited)",
					"@executable_path/Frameworks",
					"@loader_path/Frameworks",
				);
				PRODUCT_BUNDLE_IDENTIFIER = "Bhavesh-Shah.TumbNYUITests";
				PRODUCT_NAME = "$(TARGET_NAME)";
				SWIFT_VERSION = 4.0;
				TARGETED_DEVICE_FAMILY = "1,2";
				TEST_TARGET_NAME = TumbNY;
			};
			name = Release;
		};
/* End XCBuildConfiguration section */

/* Begin XCConfigurationList section */
		45989D532165108000FA431C /* Build configuration list for PBXProject "TumbNY" */ = {
			isa = XCConfigurationList;
			buildConfigurations = (
				45989D7E2165108100FA431C /* Debug */,
				45989D7F2165108100FA431C /* Release */,
			);
			defaultConfigurationIsVisible = 0;
			defaultConfigurationName = Release;
		};
		45989D802165108100FA431C /* Build configuration list for PBXNativeTarget "TumbNY" */ = {
			isa = XCConfigurationList;
			buildConfigurations = (
				45989D812165108100FA431C /* Debug */,
				45989D822165108100FA431C /* Release */,
			);
			defaultConfigurationIsVisible = 0;
			defaultConfigurationName = Release;
		};
		45989D832165108100FA431C /* Build configuration list for PBXNativeTarget "TumbNYTests" */ = {
			isa = XCConfigurationList;
			buildConfigurations = (
				45989D842165108100FA431C /* Debug */,
				45989D852165108100FA431C /* Release */,
			);
			defaultConfigurationIsVisible = 0;
			defaultConfigurationName = Release;
		};
		45989D862165108100FA431C /* Build configuration list for PBXNativeTarget "TumbNYUITests" */ = {
			isa = XCConfigurationList;
			buildConfigurations = (
				45989D872165108100FA431C /* Debug */,
				45989D882165108100FA431C /* Release */,
			);
			defaultConfigurationIsVisible = 0;
			defaultConfigurationName = Release;
		};
/* End XCConfigurationList section */
	};
	rootObject = 45989D502165108000FA431C /* Project object */;
}
